
Microsoft Visual Studio Solution File, Format Version 12.00
Project("{FAE04EC0-301F-11D3-BF4B-00C04F79EFBC}") = "RustDetector.blazor", "RustDetector.blazor\RustDetector.blazor.csproj", "{0F212657-4197-43B4-880D-AEB6F6729841}"
EndProject
Global
	GlobalSection(SolutionConfigurationPlatforms) = preSolution
		Debug|Any CPU = Debug|Any CPU
		Release|Any CPU = Release|Any CPU
	EndGlobalSection
	GlobalSection(ProjectConfigurationPlatforms) = postSolution
		{0F212657-4197-43B4-880D-AEB6F6729841}.Debug|Any CPU.ActiveCfg = Debug|Any CPU
		{0F212657-4197-43B4-880D-AEB6F6729841}.Debug|Any CPU.Build.0 = Debug|Any CPU
		{0F212657-4197-43B4-880D-AEB6F6729841}.Release|Any CPU.ActiveCfg = Release|Any CPU
		{0F212657-4197-43B4-880D-AEB6F6729841}.Release|Any CPU.Build.0 = Release|Any CPU
	EndGlobalSection
EndGlobal
